
Microsoft Visual Studio Solution File, Format Version 12.00
# Visual Studio Version 16
VisualStudioVersion = 16.0.35931.194
MinimumVisualStudioVersion = 10.0.40219.1
Project("{FAE04EC0-301F-11D3-BF4B-00C04F79EFBC}") = "All-Application-ZA", "All-Application-ZA\All-Application-ZA.csproj", "{BAA5C666-DC9A-4036-BAD5-23F02C1EA26B}"
EndProject
Global
	GlobalSection(SolutionConfigurationPlatforms) = preSolution
		Debug|Any CPU = Debug|Any CPU
		Release|Any CPU = Release|Any CPU
	EndGlobalSection
	GlobalSection(ProjectConfigurationPlatforms) = postSolution
		{BAA5C666-DC9A-4036-BAD5-23F02C1EA26B}.Debug|Any CPU.ActiveCfg = Debug|Any CPU
		{BAA5C666-DC9A-4036-BAD5-23F02C1EA26B}.Debug|Any CPU.Build.0 = Debug|Any CPU
		{BAA5C666-DC9A-4036-BAD5-23F02C1EA26B}.Release|Any CPU.ActiveCfg = Release|Any CPU
		{BAA5C666-DC9A-4036-BAD5-23F02C1EA26B}.Release|Any CPU.Build.0 = Release|Any CPU
	EndGlobalSection
	GlobalSection(SolutionProperties) = preSolution
		HideSolutionNode = FALSE
	EndGlobalSection
	GlobalSection(ExtensibilityGlobals) = postSolution
		SolutionGuid = {4C47997F-CC76-46F3-AA27-04C3A035C495}
	EndGlobalSection
EndGlobal
